// !$*UTF8*$!
{
	archiveVersion = 1;
	classes = {
	};
	objectVersion = 55;
	objects = {

/* Begin PBXBuildFile section */
		EC526F5A28F1BA6D00C96647 /* AppDelegate.swift in Sources */ = {isa = PBXBuildFile; fileRef = EC526F5928F1BA6D00C96647 /* AppDelegate.swift */; };
		EC526F5C28F1BA6D00C96647 /* SceneDelegate.swift in Sources */ = {isa = PBXBuildFile; fileRef = EC526F5B28F1BA6D00C96647 /* SceneDelegate.swift */; };
		EC526F5E28F1BA6D00C96647 /* ViewController.swift in Sources */ = {isa = PBXBuildFile; fileRef = EC526F5D28F1BA6D00C96647 /* ViewController.swift */; };
		EC526F6128F1BA6D00C96647 /* Main.storyboard in Resources */ = {isa = PBXBuildFile; fileRef = EC526F5F28F1BA6D00C96647 /* Main.storyboard */; };
		EC526F6328F1BA7200C96647 /* Assets.xcassets in Resources */ = {isa = PBXBuildFile; fileRef = EC526F6228F1BA7200C96647 /* Assets.xcassets */; };
		EC526F6628F1BA7200C96647 /* LaunchScreen.storyboard in Resources */ = {isa = PBXBuildFile; fileRef = EC526F6428F1BA7200C96647 /* LaunchScreen.storyboard */; };
		EC526F6E28F1BD6300C96647 /* EmojiClass.swift in Sources */ = {isa = PBXBuildFile; fileRef = EC526F6D28F1BD6300C96647 /* EmojiClass.swift */; };
		EC926BDD28F9A7DB001C190A /* EmojiModel.swift in Sources */ = {isa = PBXBuildFile; fileRef = EC926BDC28F9A7DB001C190A /* EmojiModel.swift */; };
		ECABF33D28F358D000A6070C /* EmojiTableViewCell.swift in Sources */ = {isa = PBXBuildFile; fileRef = ECABF33C28F358D000A6070C /* EmojiTableViewCell.swift */; };
		ECE691CD2904394F00CABCB3 /* NewEmojiTableViewController.swift in Sources */ = {isa = PBXBuildFile; fileRef = ECE691CC2904394F00CABCB3 /* NewEmojiTableViewController.swift */; };
/* End PBXBuildFile section */

/* Begin PBXFileReference section */
		EC526F5628F1BA6D00C96647 /* Emoji reader.app */ = {isa = PBXFileReference; explicitFileType = wrapper.application; includeInIndex = 0; path = "Emoji reader.app"; sourceTree = BUILT_PRODUCTS_DIR; };
		EC526F5928F1BA6D00C96647 /* AppDelegate.swift */ = {isa = PBXFileReference; lastKnownFileType = sourcecode.swift; path = AppDelegate.swift; sourceTree = "<group>"; };
		EC526F5B28F1BA6D00C96647 /* SceneDelegate.swift */ = {isa = PBXFileReference; lastKnownFileType = sourcecode.swift; path = SceneDelegate.swift; sourceTree = "<group>"; };
		EC526F5D28F1BA6D00C96647 /* ViewController.swift */ = {isa = PBXFileReference; lastKnownFileType = sourcecode.swift; path = ViewController.swift; sourceTree = "<group>"; };
		EC526F6028F1BA6D00C96647 /* Base */ = {isa = PBXFileReference; lastKnownFileType = file.storyboard; name = Base; path = Base.lproj/Main.storyboard; sourceTree = "<group>"; };
		EC526F6228F1BA7200C96647 /* Assets.xcassets */ = {isa = PBXFileReference; lastKnownFileType = folder.assetcatalog; path = Assets.xcassets; sourceTree = "<group>"; };
		EC526F6528F1BA7200C96647 /* Base */ = {isa = PBXFileReference; lastKnownFileType = file.storyboard; name = Base; path = Base.lproj/LaunchScreen.storyboard; sourceTree = "<group>"; };
		EC526F6728F1BA7200C96647 /* Info.plist */ = {isa = PBXFileReference; lastKnownFileType = text.plist.xml; path = Info.plist; sourceTree = "<group>"; };
		EC526F6D28F1BD6300C96647 /* EmojiClass.swift */ = {isa = PBXFileReference; lastKnownFileType = sourcecode.swift; path = EmojiClass.swift; sourceTree = "<group>"; };
		EC926BDC28F9A7DB001C190A /* EmojiModel.swift */ = {isa = PBXFileReference; lastKnownFileType = sourcecode.swift; path = EmojiModel.swift; sourceTree = "<group>"; };
		ECABF33C28F358D000A6070C /* EmojiTableViewCell.swift */ = {isa = PBXFileReference; lastKnownFileType = sourcecode.swift; path = EmojiTableViewCell.swift; sourceTree = "<group>"; };
		ECE691CC2904394F00CABCB3 /* NewEmojiTableViewController.swift */ = {isa = PBXFileReference; lastKnownFileType = sourcecode.swift; path = NewEmojiTableViewController.swift; sourceTree = "<group>"; };
/* End PBXFileReference section */

/* Begin PBXFrameworksBuildPhase section */
		EC526F5328F1BA6D00C96647 /* Frameworks */ = {
			isa = PBXFrameworksBuildPhase;
			buildActionMask = 2147483647;
			files = (
			);
			runOnlyForDeploymentPostprocessing = 0;
		};
/* End PBXFrameworksBuildPhase section */

/* Begin PBXGroup section */
		EC526F4D28F1BA6D00C96647 = {
			isa = PBXGroup;
			children = (
				EC526F5828F1BA6D00C96647 /* Emoji reader */,
				EC526F5728F1BA6D00C96647 /* Products */,
			);
			sourceTree = "<group>";
		};
		EC526F5728F1BA6D00C96647 /* Products */ = {
			isa = PBXGroup;
			children = (
				EC526F5628F1BA6D00C96647 /* Emoji reader.app */,
			);
			name = Products;
			sourceTree = "<group>";
		};
		EC526F5828F1BA6D00C96647 /* Emoji reader */ = {
			isa = PBXGroup;
			children = (
				EC526F5928F1BA6D00C96647 /* AppDelegate.swift */,
				EC526F5B28F1BA6D00C96647 /* SceneDelegate.swift */,
				EC526F5D28F1BA6D00C96647 /* ViewController.swift */,
				EC926BDC28F9A7DB001C190A /* EmojiModel.swift */,
				EC526F6D28F1BD6300C96647 /* EmojiClass.swift */,
				ECE691CC2904394F00CABCB3 /* NewEmojiTableViewController.swift */,
				ECABF33C28F358D000A6070C /* EmojiTableViewCell.swift */,
				EC526F5F28F1BA6D00C96647 /* Main.storyboard */,
				EC526F6228F1BA7200C96647 /* Assets.xcassets */,
				EC526F6428F1BA7200C96647 /* LaunchScreen.storyboard */,
				EC526F6728F1BA7200C96647 /* Info.plist */,
			);
			path = "Emoji reader";
			sourceTree = "<group>";
		};
/* End PBXGroup section */

/* Begin PBXNativeTarget section */
		EC526F5528F1BA6D00C96647 /* Emoji reader */ = {
			isa = PBXNativeTarget;
			buildConfigurationList = EC526F6A28F1BA7200C96647 /* Build configuration list for PBXNativeTarget "Emoji reader" */;
			buildPhases = (
				EC526F5228F1BA6D00C96647 /* Sources */,
				EC526F5328F1BA6D00C96647 /* Frameworks */,
				EC526F5428F1BA6D00C96647 /* Resources */,
			);
			buildRules = (
			);
			dependencies = (
			);
			name = "Emoji reader";
			productName = "Emoji reader";
			productReference = EC526F5628F1BA6D00C96647 /* Emoji reader.app */;
			productType = "com.apple.product-type.application";
		};
/* End PBXNativeTarget section */

/* Begin PBXProject section */
		EC526F4E28F1BA6D00C96647 /* Project object */ = {
			isa = PBXProject;
			attributes = {
				BuildIndependentTargetsInParallel = 1;
				LastSwiftUpdateCheck = 1330;
				LastUpgradeCheck = 1330;
				TargetAttributes = {
					EC526F5528F1BA6D00C96647 = {
						CreatedOnToolsVersion = 13.3;
					};
				};
			};
			buildConfigurationList = EC526F5128F1BA6D00C96647 /* Build configuration list for PBXProject "Emoji reader" */;
			compatibilityVersion = "Xcode 13.0";
			developmentRegion = en;
			hasScannedForEncodings = 0;
			knownRegions = (
				en,
				Base,
			);
			mainGroup = EC526F4D28F1BA6D00C96647;
			productRefGroup = EC526F5728F1BA6D00C96647 /* Products */;
			projectDirPath = "";
			projectRoot = "";
			targets = (
				EC526F5528F1BA6D00C96647 /* Emoji reader */,
			);
		};
/* End PBXProject section */

/* Begin PBXResourcesBuildPhase section */
		EC526F5428F1BA6D00C96647 /* Resources */ = {
			isa = PBXResourcesBuildPhase;
			buildActionMask = 2147483647;
			files = (
				EC526F6628F1BA7200C96647 /* LaunchScreen.storyboard in Resources */,
				EC526F6328F1BA7200C96647 /* Assets.xcassets in Resources */,
				EC526F6128F1BA6D00C96647 /* Main.storyboard in Resources */,
			);
			runOnlyForDeploymentPostprocessing = 0;
		};
/* End PBXResourcesBuildPhase section */

/* Begin PBXSourcesBuildPhase section */
		EC526F5228F1BA6D00C96647 /* Sources */ = {
			isa = PBXSourcesBuildPhase;
			buildActionMask = 2147483647;
			files = (
				EC526F5E28F1BA6D00C96647 /* ViewController.swift in Sources */,
				EC526F6E28F1BD6300C96647 /* EmojiClass.swift in Sources */,
				EC926BDD28F9A7DB001C190A /* EmojiModel.swift in Sources */,
				ECABF33D28F358D000A6070C /* EmojiTableViewCell.swift in Sources */,
				ECE691CD2904394F00CABCB3 /* NewEmojiTableViewController.swift in Sources */,
				EC526F5A28F1BA6D00C96647 /* AppDelegate.swift in Sources */,
				EC526F5C28F1BA6D00C96647 /* SceneDelegate.swift in Sources */,
			);
			runOnlyForDeploymentPostprocessing = 0;
		};
/* End PBXSourcesBuildPhase section */

/* Begin PBXVariantGroup section */
		EC526F5F28F1BA6D00C96647 /* Main.storyboard */ = {
			isa = PBXVariantGroup;
			children = (
				EC526F6028F1BA6D00C96647 /* Base */,
			);
			name = Main.storyboard;
			sourceTree = "<group>";
		};
		EC526F6428F1BA7200C96647 /* LaunchScreen.storyboard */ = {
			isa = PBXVariantGroup;
			children = (
				EC526F6528F1BA7200C96647 /* Base */,
			);
			name = LaunchScreen.storyboard;
			sourceTree = "<group>";
		};
/* End PBXVariantGroup section */

/* Begin XCBuildConfiguration section */
		EC526F6828F1BA7200C96647 /* Debug */ = {
			isa = XCBuildConfiguration;
			buildSettings = {
				ALWAYS_SEARCH_USER_PATHS = NO;
				CLANG_ANALYZER_NONNULL = YES;
				CLANG_ANALYZER_NUMBER_OBJECT_CONVERSION = YES_AGGRESSIVE;
				CLANG_CXX_LANGUAGE_STANDARD = "gnu++17";
				CLANG_ENABLE_MODULES = YES;
				CLANG_ENABLE_OBJC_ARC = YES;
				CLANG_ENABLE_OBJC_WEAK = YES;
				CLANG_WARN_BLOCK_CAPTURE_AUTORELEASING = YES;
				CLANG_WARN_BOOL_CONVERSION = YES;
				CLANG_WARN_COMMA = YES;
				CLANG_WARN_CONSTANT_CONVERSION = YES;
				CLANG_WARN_DEPRECATED_OBJC_IMPLEMENTATIONS = YES;
				CLANG_WARN_DIRECT_OBJC_ISA_USAGE = YES_ERROR;
				CLANG_WARN_DOCUMENTATION_COMMENTS = YES;
				CLANG_WARN_EMPTY_BODY = YES;
				CLANG_WARN_ENUM_CONVERSION = YES;
				CLANG_WARN_INFINITE_RECURSION = YES;
				CLANG_WARN_INT_CONVERSION = YES;
				CLANG_WARN_NON_LITERAL_NULL_CONVERSION = YES;
				CLANG_WARN_OBJC_IMPLICIT_RETAIN_SELF = YES;
				CLANG_WARN_OBJC_LITERAL_CONVERSION = YES;
				CLANG_WARN_OBJC_ROOT_CLASS = YES_ERROR;
				CLANG_WARN_QUOTED_INCLUDE_IN_FRAMEWORK_HEADER = YES;
				CLANG_WARN_RANGE_LOOP_ANALYSIS = YES;
				CLANG_WARN_STRICT_PROTOTYPES = YES;
				CLANG_WARN_SUSPICIOUS_MOVE = YES;
				CLANG_WARN_UNGUARDED_AVAILABILITY = YES_AGGRESSIVE;
				CLANG_WARN_UNREACHABLE_CODE = YES;
				CLANG_WARN__DUPLICATE_METHOD_MATCH = YES;
				COPY_PHASE_STRIP = NO;
				DEBUG_INFORMATION_FORMAT = dwarf;
				ENABLE_STRICT_OBJC_MSGSEND = YES;
				ENABLE_TESTABILITY = YES;
				GCC_C_LANGUAGE_STANDARD = gnu11;
				GCC_DYNAMIC_NO_PIC = NO;
				GCC_NO_COMMON_BLOCKS = YES;
				GCC_OPTIMIZATION_LEVEL = 0;
				GCC_PREPROCESSOR_DEFINITIONS = (
					"DEBUG=1",
					"$(inherited)",
				);
				GCC_WARN_64_TO_32_BIT_CONVERSION = YES;
				GCC_WARN_ABOUT_RETURN_TYPE = YES_ERROR;
				GCC_WARN_UNDECLARED_SELECTOR = YES;
				GCC_WARN_UNINITIALIZED_AUTOS = YES_AGGRESSIVE;
				GCC_WARN_UNUSED_FUNCTION = YES;
				GCC_WARN_UNUSED_VARIABLE = YES;
				IPHONEOS_DEPLOYMENT_TARGET = 15.4;
				MTL_ENABLE_DEBUG_INFO = INCLUDE_SOURCE;
				MTL_FAST_MATH = YES;
				ONLY_ACTIVE_ARCH = YES;
				SDKROOT = iphoneos;
				SWIFT_ACTIVE_COMPILATION_CONDITIONS = DEBUG;
				SWIFT_OPTIMIZATION_LEVEL = "-Onone";
			};
			name = Debug;
		};
		EC526F6928F1BA7200C96647 /* Release */ = {
			isa = XCBuildConfiguration;
			buildSettings = {
				ALWAYS_SEARCH_USER_PATHS = NO;
				CLANG_ANALYZER_NONNULL = YES;
				CLANG_ANALYZER_NUMBER_OBJECT_CONVERSION = YES_AGGRESSIVE;
				CLANG_CXX_LANGUAGE_STANDARD = "gnu++17";
				CLANG_ENABLE_MODULES = YES;
				CLANG_ENABLE_OBJC_ARC = YES;
				CLANG_ENABLE_OBJC_WEAK = YES;
				CLANG_WARN_BLOCK_CAPTURE_AUTORELEASING = YES;
				CLANG_WARN_BOOL_CONVERSION = YES;
				CLANG_WARN_COMMA = YES;
				CLANG_WARN_CONSTANT_CONVERSION = YES;
				CLANG_WARN_DEPRECATED_OBJC_IMPLEMENTATIONS = YES;
				CLANG_WARN_DIRECT_OBJC_ISA_USAGE = YES_ERROR;
				CLANG_WARN_DOCUMENTATION_COMMENTS = YES;
				CLANG_WARN_EMPTY_BODY = YES;
				CLANG_WARN_ENUM_CONVERSION = YES;
				CLANG_WARN_INFINITE_RECURSION = YES;
				CLANG_WARN_INT_CONVERSION = YES;
				CLANG_WARN_NON_LITERAL_NULL_CONVERSION = YES;
				CLANG_WARN_OBJC_IMPLICIT_RETAIN_SELF = YES;
				CLANG_WARN_OBJC_LITERAL_CONVERSION = YES;
				CLANG_WARN_OBJC_ROOT_CLASS = YES_ERROR;
				CLANG_WARN_QUOTED_INCLUDE_IN_FRAMEWORK_HEADER = YES;
				CLANG_WARN_RANGE_LOOP_ANALYSIS = YES;
				CLANG_WARN_STRICT_PROTOTYPES = YES;
				CLANG_WARN_SUSPICIOUS_MOVE = YES;
				CLANG_WARN_UNGUARDED_AVAILABILITY = YES_AGGRESSIVE;
				CLANG_WARN_UNREACHABLE_CODE = YES;
				CLANG_WARN__DUPLICATE_METHOD_MATCH = YES;
				COPY_PHASE_STRIP = NO;
				DEBUG_INFORMATION_FORMAT = "dwarf-with-dsym";
				ENABLE_NS_ASSERTIONS = NO;
				ENABLE_STRICT_OBJC_MSGSEND = YES;
				GCC_C_LANGUAGE_STANDARD = gnu11;
				GCC_NO_COMMON_BLOCKS = YES;
				GCC_WARN_64_TO_32_BIT_CONVERSION = YES;
				GCC_WARN_ABOUT_RETURN_TYPE = YES_ERROR;
				GCC_WARN_UNDECLARED_SELECTOR = YES;
				GCC_WARN_UNINITIALIZED_AUTOS = YES_AGGRESSIVE;
				GCC_WARN_UNUSED_FUNCTION = YES;
				GCC_WARN_UNUSED_VARIABLE = YES;
				IPHONEOS_DEPLOYMENT_TARGET = 15.4;
				MTL_ENABLE_DEBUG_INFO = NO;
				MTL_FAST_MATH = YES;
				SDKROOT = iphoneos;
				SWIFT_COMPILATION_MODE = wholemodule;
				SWIFT_OPTIMIZATION_LEVEL = "-O";
				VALIDATE_PRODUCT = YES;
			};
			name = Release;
		};
		EC526F6B28F1BA7200C96647 /* Debug */ = {
			isa = XCBuildConfiguration;
			buildSettings = {
				ASSETCATALOG_COMPILER_APPICON_NAME = AppIcon;
				ASSETCATALOG_COMPILER_GLOBAL_ACCENT_COLOR_NAME = AccentColor;
				CODE_SIGN_STYLE = Automatic;
				CURRENT_PROJECT_VERSION = 1;
				DEVELOPMENT_TEAM = W5S29493U2;
				GENERATE_INFOPLIST_FILE = YES;
				INFOPLIST_FILE = "Emoji reader/Info.plist";
				INFOPLIST_KEY_UIApplicationSupportsIndirectInputEvents = YES;
				INFOPLIST_KEY_UILaunchStoryboardName = LaunchScreen;
				INFOPLIST_KEY_UIMainStoryboardFile = Main;
				INFOPLIST_KEY_UISupportedInterfaceOrientations_iPad = "UIInterfaceOrientationPortrait UIInterfaceOrientationPortraitUpsideDown UIInterfaceOrientationLandscapeLeft UIInterfaceOrientationLandscapeRight";
				INFOPLIST_KEY_UISupportedInterfaceOrientations_iPhone = "UIInterfaceOrientationPortrait UIInterfaceOrientationLandscapeLeft UIInterfaceOrientationLandscapeRight";
				LD_RUNPATH_SEARCH_PATHS = (
					"$(inherited)",
					"@executable_path/Frameworks",
				);
				MARKETING_VERSION = 1.0;
				PRODUCT_BUNDLE_IDENTIFIER = "swift.Emoji-reader";
				PRODUCT_NAME = "$(TARGET_NAME)";
				SWIFT_EMIT_LOC_STRINGS = YES;
				SWIFT_VERSION = 5.0;
				TARGETED_DEVICE_FAMILY = "1,2";
			};
			name = Debug;
		};
		EC526F6C28F1BA7200C96647 /* Release */ = {
			isa = XCBuildConfiguration;
			buildSettings = {
				ASSETCATALOG_COMPILER_APPICON_NAME = AppIcon;
				ASSETCATALOG_COMPILER_GLOBAL_ACCENT_COLOR_NAME = AccentColor;
				CODE_SIGN_STYLE = Automatic;
				CURRENT_PROJECT_VERSION = 1;
				DEVELOPMENT_TEAM = W5S29493U2;
				GENERATE_INFOPLIST_FILE = YES;
				INFOPLIST_FILE = "Emoji reader/Info.plist";
				INFOPLIST_KEY_UIApplicationSupportsIndirectInputEvents = YES;
				INFOPLIST_KEY_UILaunchStoryboardName = LaunchScreen;
				INFOPLIST_KEY_UIMainStoryboardFile = Main;
				INFOPLIST_KEY_UISupportedInterfaceOrientations_iPad = "UIInterfaceOrientationPortrait UIInterfaceOrientationPortraitUpsideDown UIInterfaceOrientationLandscapeLeft UIInterfaceOrientationLandscapeRight";
				INFOPLIST_KEY_UISupportedInterfaceOrientations_iPhone = "UIInterfaceOrientationPortrait UIInterfaceOrientationLandscapeLeft UIInterfaceOrientationLandscapeRight";
				LD_RUNPATH_SEARCH_PATHS = (
					"$(inherited)",
					"@executable_path/Frameworks",
				);
				MARKETING_VERSION = 1.0;
				PRODUCT_BUNDLE_IDENTIFIER = "swift.Emoji-reader";
				PRODUCT_NAME = "$(TARGET_NAME)";
				SWIFT_EMIT_LOC_STRINGS = YES;
				SWIFT_VERSION = 5.0;
				TARGETED_DEVICE_FAMILY = "1,2";
			};
			name = Release;
		};
/* End XCBuildConfiguration section */

/* Begin XCConfigurationList section */
		EC526F5128F1BA6D00C96647 /* Build configuration list for PBXProject "Emoji reader" */ = {
			isa = XCConfigurationList;
			buildConfigurations = (
				EC526F6828F1BA7200C96647 /* Debug */,
				EC526F6928F1BA7200C96647 /* Release */,
			);
			defaultConfigurationIsVisible = 0;
			defaultConfigurationName = Release;
		};
		EC526F6A28F1BA7200C96647 /* Build configuration list for PBXNativeTarget "Emoji reader" */ = {
			isa = XCConfigurationList;
			buildConfigurations = (
				EC526F6B28F1BA7200C96647 /* Debug */,
				EC526F6C28F1BA7200C96647 /* Release */,
			);
			defaultConfigurationIsVisible = 0;
			defaultConfigurationName = Release;
		};
/* End XCConfigurationList section */
	};
	rootObject = EC526F4E28F1BA6D00C96647 /* Project object */;
}
